// !$*UTF8*$!
{
	archiveVersion = 1;
	classes = {
	};
	objectVersion = 46;
	objects = {

/* Begin PBXBuildFile section */
		34C83A0F1AAF02950050F083 /* main.m in Sources */ = {isa = PBXBuildFile; fileRef = 34C83A0E1AAF02950050F083 /* main.m */; };
		34C83A1A1AAF030E0050F083 /* NSMutableArray+convert.m in Sources */ = {isa = PBXBuildFile; fileRef = 34C83A191AAF030E0050F083 /* NSMutableArray+convert.m */; };
		34C83A1D1AAF08640050F083 /* NSString+initWithDate.m in Sources */ = {isa = PBXBuildFile; fileRef = 34C83A1C1AAF08640050F083 /* NSString+initWithDate.m */; };
/* End PBXBuildFile section */

/* Begin PBXCopyFilesBuildPhase section */
		34C83A091AAF02950050F083 /* CopyFiles */ = {
			isa = PBXCopyFilesBuildPhase;
			buildActionMask = 2147483647;
			dstPath = /usr/share/man/man1/;
			dstSubfolderSpec = 0;
			files = (
			);
			runOnlyForDeploymentPostprocessing = 1;
		};
/* End PBXCopyFilesBuildPhase section */

/* Begin PBXFileReference section */
		34C83A0B1AAF02950050F083 /* HomeworkNSDate */ = {isa = PBXFileReference; explicitFileType = "compiled.mach-o.executable"; includeInIndex = 0; path = HomeworkNSDate; sourceTree = BUILT_PRODUCTS_DIR; };
		34C83A0E1AAF02950050F083 /* main.m */ = {isa = PBXFileReference; lastKnownFileType = sourcecode.c.objc; path = main.m; sourceTree = "<group>"; };
		34C83A181AAF030E0050F083 /* NSMutableArray+convert.h */ = {isa = PBXFileReference; fileEncoding = 4; lastKnownFileType = sourcecode.c.h; path = "NSMutableArray+convert.h"; sourceTree = "<group>"; };
		34C83A191AAF030E0050F083 /* NSMutableArray+convert.m */ = {isa = PBXFileReference; fileEncoding = 4; lastKnownFileType = sourcecode.c.objc; path = "NSMutableArray+convert.m"; sourceTree = "<group>"; };
		34C83A1B1AAF08640050F083 /* NSString+initWithDate.h */ = {isa = PBXFileReference; fileEncoding = 4; lastKnownFileType = sourcecode.c.h; path = "NSString+initWithDate.h"; sourceTree = "<group>"; };
		34C83A1C1AAF08640050F083 /* NSString+initWithDate.m */ = {isa = PBXFileReference; fileEncoding = 4; lastKnownFileType = sourcecode.c.objc; path = "NSString+initWithDate.m"; sourceTree = "<group>"; };
/* End PBXFileReference section */

/* Begin PBXFrameworksBuildPhase section */
		34C83A081AAF02950050F083 /* Frameworks */ = {
			isa = PBXFrameworksBuildPhase;
			buildActionMask = 2147483647;
			files = (
			);
			runOnlyForDeploymentPostprocessing = 0;
		};
/* End PBXFrameworksBuildPhase section */

/* Begin PBXGroup section */
		34C83A021AAF02950050F083 = {
			isa = PBXGroup;
			children = (
				34C83A0D1AAF02950050F083 /* HomeworkNSDate */,
				34C83A0C1AAF02950050F083 /* Products */,
			);
			sourceTree = "<group>";
		};
		34C83A0C1AAF02950050F083 /* Products */ = {
			isa = PBXGroup;
			children = (
				34C83A0B1AAF02950050F083 /* HomeworkNSDate */,
			);
			name = Products;
			sourceTree = "<group>";
		};
		34C83A0D1AAF02950050F083 /* HomeworkNSDate */ = {
			isa = PBXGroup;
			children = (
				34C83A0E1AAF02950050F083 /* main.m */,
				34C83A1B1AAF08640050F083 /* NSString+initWithDate.h */,
				34C83A1C1AAF08640050F083 /* NSString+initWithDate.m */,
				34C83A181AAF030E0050F083 /* NSMutableArray+convert.h */,
				34C83A191AAF030E0050F083 /* NSMutableArray+convert.m */,
			);
			path = HomeworkNSDate;
			sourceTree = "<group>";
		};
/* End PBXGroup section */

/* Begin PBXNativeTarget section */
		34C83A0A1AAF02950050F083 /* HomeworkNSDate */ = {
			isa = PBXNativeTarget;
			buildConfigurationList = 34C83A121AAF02950050F083 /* Build configuration list for PBXNativeTarget "HomeworkNSDate" */;
			buildPhases = (
				34C83A071AAF02950050F083 /* Sources */,
				34C83A081AAF02950050F083 /* Frameworks */,
				34C83A091AAF02950050F083 /* CopyFiles */,
			);
			buildRules = (
			);
			dependencies = (
			);
			name = HomeworkNSDate;
			productName = HomeworkNSDate;
			productReference = 34C83A0B1AAF02950050F083 /* HomeworkNSDate */;
			productType = "com.apple.product-type.tool";
		};
/* End PBXNativeTarget section */

/* Begin PBXProject section */
		34C83A031AAF02950050F083 /* Project object */ = {
			isa = PBXProject;
			attributes = {
				LastUpgradeCheck = 0610;
				ORGANIZATIONNAME = Jin;
				TargetAttributes = {
					34C83A0A1AAF02950050F083 = {
						CreatedOnToolsVersion = 6.1;
					};
				};
			};
			buildConfigurationList = 34C83A061AAF02950050F083 /* Build configuration list for PBXProject "HomeworkNSDate" */;
			compatibilityVersion = "Xcode 3.2";
			developmentRegion = English;
			hasScannedForEncodings = 0;
			knownRegions = (
				en,
			);
			mainGroup = 34C83A021AAF02950050F083;
			productRefGroup = 34C83A0C1AAF02950050F083 /* Products */;
			projectDirPath = "";
			projectRoot = "";
			targets = (
				34C83A0A1AAF02950050F083 /* HomeworkNSDate */,
			);
		};
/* End PBXProject section */

/* Begin PBXSourcesBuildPhase section */
		34C83A071AAF02950050F083 /* Sources */ = {
			isa = PBXSourcesBuildPhase;
			buildActionMask = 2147483647;
			files = (
				34C83A0F1AAF02950050F083 /* main.m in Sources */,
				34C83A1A1AAF030E0050F083 /* NSMutableArray+convert.m in Sources */,
				34C83A1D1AAF08640050F083 /* NSString+initWithDate.m in Sources */,
			);
			runOnlyForDeploymentPostprocessing = 0;
		};
/* End PBXSourcesBuildPhase section */

/* Begin XCBuildConfiguration section */
		34C83A101AAF02950050F083 /* Debug */ = {
			isa = XCBuildConfiguration;
			buildSettings = {
				ALWAYS_SEARCH_USER_PATHS = NO;
				CLANG_CXX_LANGUAGE_STANDARD = "gnu++0x";
				CLANG_CXX_LIBRARY = "libc++";
				CLANG_ENABLE_MODULES = YES;
				CLANG_ENABLE_OBJC_ARC = YES;
				CLANG_WARN_BOOL_CONVERSION = YES;
				CLANG_WARN_CONSTANT_CONVERSION = YES;
				CLANG_WARN_DIRECT_OBJC_ISA_USAGE = YES_ERROR;
				CLANG_WARN_EMPTY_BODY = YES;
				CLANG_WARN_ENUM_CONVERSION = YES;
				CLANG_WARN_INT_CONVERSION = YES;
				CLANG_WARN_OBJC_ROOT_CLASS = YES_ERROR;
				CLANG_WARN_UNREACHABLE_CODE = YES;
				CLANG_WARN__DUPLICATE_METHOD_MATCH = YES;
				COPY_PHASE_STRIP = NO;
				ENABLE_STRICT_OBJC_MSGSEND = YES;
				GCC_C_LANGUAGE_STANDARD = gnu99;
				GCC_DYNAMIC_NO_PIC = NO;
				GCC_OPTIMIZATION_LEVEL = 0;
				GCC_PREPROCESSOR_DEFINITIONS = (
					"DEBUG=1",
					"$(inherited)",
				);
				GCC_SYMBOLS_PRIVATE_EXTERN = NO;
				GCC_WARN_64_TO_32_BIT_CONVERSION = YES;
				GCC_WARN_ABOUT_RETURN_TYPE = YES_ERROR;
				GCC_WARN_UNDECLARED_SELECTOR = YES;
				GCC_WARN_UNINITIALIZED_AUTOS = YES_AGGRESSIVE;
				GCC_WARN_UNUSED_FUNCTION = YES;
				GCC_WARN_UNUSED_VARIABLE = YES;
				MACOSX_DEPLOYMENT_TARGET = 10.10;
				MTL_ENABLE_DEBUG_INFO = YES;
				ONLY_ACTIVE_ARCH = YES;
				SDKROOT = macosx;
			};
			name = Debug;
		};
		34C83A111AAF02950050F083 /* Release */ = {
			isa = XCBuildConfiguration;
			buildSettings = {
				ALWAYS_SEARCH_USER_PATHS = NO;
				CLANG_CXX_LANGUAGE_STANDARD = "gnu++0x";
				CLANG_CXX_LIBRARY = "libc++";
				CLANG_ENABLE_MODULES = YES;
				CLANG_ENABLE_OBJC_ARC = YES;
				CLANG_WARN_BOOL_CONVERSION = YES;
				CLANG_WARN_CONSTANT_CONVERSION = YES;
				CLANG_WARN_DIRECT_OBJC_ISA_USAGE = YES_ERROR;
				CLANG_WARN_EMPTY_BODY = YES;
				CLANG_WARN_ENUM_CONVERSION = YES;
				CLANG_WARN_INT_CONVERSION = YES;
				CLANG_WARN_OBJC_ROOT_CLASS = YES_ERROR;
				CLANG_WARN_UNREACHABLE_CODE = YES;
				CLANG_WARN__DUPLICATE_METHOD_MATCH = YES;
				COPY_PHASE_STRIP = YES;
				DEBUG_INFORMATION_FORMAT = "dwarf-with-dsym";
				ENABLE_NS_ASSERTIONS = NO;
				ENABLE_STRICT_OBJC_MSGSEND = YES;
				GCC_C_LANGUAGE_STANDARD = gnu99;
				GCC_WARN_64_TO_32_BIT_CONVERSION = YES;
				GCC_WARN_ABOUT_RETURN_TYPE = YES_ERROR;
				GCC_WARN_UNDECLARED_SELECTOR = YES;
				GCC_WARN_UNINITIALIZED_AUTOS = YES_AGGRESSIVE;
				GCC_WARN_UNUSED_FUNCTION = YES;
				GCC_WARN_UNUSED_VARIABLE = YES;
				MACOSX_DEPLOYMENT_TARGET = 10.10;
				MTL_ENABLE_DEBUG_INFO = NO;
				SDKROOT = macosx;
			};
			name = Release;
		};
		34C83A131AAF02950050F083 /* Debug */ = {
			isa = XCBuildConfiguration;
			buildSettings = {
				PRODUCT_NAME = "$(TARGET_NAME)";
			};
			name = Debug;
		};
		34C83A141AAF02950050F083 /* Release */ = {
			isa = XCBuildConfiguration;
			buildSettings = {
				PRODUCT_NAME = "$(TARGET_NAME)";
			};
			name = Release;
		};
/* End XCBuildConfiguration section */

/* Begin XCConfigurationList section */
		34C83A061AAF02950050F083 /* Build configuration list for PBXProject "HomeworkNSDate" */ = {
			isa = XCConfigurationList;
			buildConfigurations = (
				34C83A101AAF02950050F083 /* Debug */,
				34C83A111AAF02950050F083 /* Release */,
			);
			defaultConfigurationIsVisible = 0;
			defaultConfigurationName = Release;
		};
		34C83A121AAF02950050F083 /* Build configuration list for PBXNativeTarget "HomeworkNSDate" */ = {
			isa = XCConfigurationList;
			buildConfigurations = (
				34C83A131AAF02950050F083 /* Debug */,
				34C83A141AAF02950050F083 /* Release */,
			);
			defaultConfigurationIsVisible = 0;
		};
/* End XCConfigurationList section */
	};
	rootObject = 34C83A031AAF02950050F083 /* Project object */;
}
