// !$*UTF8*$!
{
	archiveVersion = 1;
	classes = {
	};
	objectVersion = 46;
	objects = {

/* Begin PBXBuildFile section */
		34118ED61AADB05000C8F226 /* main.m in Sources */ = {isa = PBXBuildFile; fileRef = 34118ED51AADB05000C8F226 /* main.m */; };
		34118EDE1AADB07300C8F226 /* AddressPerson.m in Sources */ = {isa = PBXBuildFile; fileRef = 34118EDD1AADB07300C8F226 /* AddressPerson.m */; };
		34118EE11AADB1EC00C8F226 /* AddressBook.m in Sources */ = {isa = PBXBuildFile; fileRef = 34118EE01AADB1EC00C8F226 /* AddressBook.m */; };
/* End PBXBuildFile section */

/* Begin PBXCopyFilesBuildPhase section */
		34118ED01AADB05000C8F226 /* CopyFiles */ = {
			isa = PBXCopyFilesBuildPhase;
			buildActionMask = 2147483647;
			dstPath = /usr/share/man/man1/;
			dstSubfolderSpec = 0;
			files = (
			);
			runOnlyForDeploymentPostprocessing = 1;
		};
/* End PBXCopyFilesBuildPhase section */

/* Begin PBXFileReference section */
		34118ED21AADB05000C8F226 /* HomeworkBlock */ = {isa = PBXFileReference; explicitFileType = "compiled.mach-o.executable"; includeInIndex = 0; path = HomeworkBlock; sourceTree = BUILT_PRODUCTS_DIR; };
		34118ED51AADB05000C8F226 /* main.m */ = {isa = PBXFileReference; lastKnownFileType = sourcecode.c.objc; path = main.m; sourceTree = "<group>"; };
		34118EDC1AADB07300C8F226 /* AddressPerson.h */ = {isa = PBXFileReference; fileEncoding = 4; lastKnownFileType = sourcecode.c.h; path = AddressPerson.h; sourceTree = "<group>"; };
		34118EDD1AADB07300C8F226 /* AddressPerson.m */ = {isa = PBXFileReference; fileEncoding = 4; lastKnownFileType = sourcecode.c.objc; path = AddressPerson.m; sourceTree = "<group>"; };
		34118EDF1AADB1EC00C8F226 /* AddressBook.h */ = {isa = PBXFileReference; fileEncoding = 4; lastKnownFileType = sourcecode.c.h; path = AddressBook.h; sourceTree = "<group>"; };
		34118EE01AADB1EC00C8F226 /* AddressBook.m */ = {isa = PBXFileReference; fileEncoding = 4; lastKnownFileType = sourcecode.c.objc; path = AddressBook.m; sourceTree = "<group>"; };
/* End PBXFileReference section */

/* Begin PBXFrameworksBuildPhase section */
		34118ECF1AADB05000C8F226 /* Frameworks */ = {
			isa = PBXFrameworksBuildPhase;
			buildActionMask = 2147483647;
			files = (
			);
			runOnlyForDeploymentPostprocessing = 0;
		};
/* End PBXFrameworksBuildPhase section */

/* Begin PBXGroup section */
		34118EC91AADB05000C8F226 = {
			isa = PBXGroup;
			children = (
				34118ED41AADB05000C8F226 /* HomeworkBlock */,
				34118ED31AADB05000C8F226 /* Products */,
			);
			sourceTree = "<group>";
		};
		34118ED31AADB05000C8F226 /* Products */ = {
			isa = PBXGroup;
			children = (
				34118ED21AADB05000C8F226 /* HomeworkBlock */,
			);
			name = Products;
			sourceTree = "<group>";
		};
		34118ED41AADB05000C8F226 /* HomeworkBlock */ = {
			isa = PBXGroup;
			children = (
				34118ED51AADB05000C8F226 /* main.m */,
				34118EDC1AADB07300C8F226 /* AddressPerson.h */,
				34118EDD1AADB07300C8F226 /* AddressPerson.m */,
				34118EDF1AADB1EC00C8F226 /* AddressBook.h */,
				34118EE01AADB1EC00C8F226 /* AddressBook.m */,
			);
			path = HomeworkBlock;
			sourceTree = "<group>";
		};
/* End PBXGroup section */

/* Begin PBXNativeTarget section */
		34118ED11AADB05000C8F226 /* HomeworkBlock */ = {
			isa = PBXNativeTarget;
			buildConfigurationList = 34118ED91AADB05000C8F226 /* Build configuration list for PBXNativeTarget "HomeworkBlock" */;
			buildPhases = (
				34118ECE1AADB05000C8F226 /* Sources */,
				34118ECF1AADB05000C8F226 /* Frameworks */,
				34118ED01AADB05000C8F226 /* CopyFiles */,
			);
			buildRules = (
			);
			dependencies = (
			);
			name = HomeworkBlock;
			productName = HomeworkBlock;
			productReference = 34118ED21AADB05000C8F226 /* HomeworkBlock */;
			productType = "com.apple.product-type.tool";
		};
/* End PBXNativeTarget section */

/* Begin PBXProject section */
		34118ECA1AADB05000C8F226 /* Project object */ = {
			isa = PBXProject;
			attributes = {
				LastUpgradeCheck = 0610;
				ORGANIZATIONNAME = Jin;
				TargetAttributes = {
					34118ED11AADB05000C8F226 = {
						CreatedOnToolsVersion = 6.1;
					};
				};
			};
			buildConfigurationList = 34118ECD1AADB05000C8F226 /* Build configuration list for PBXProject "HomeworkBlock" */;
			compatibilityVersion = "Xcode 3.2";
			developmentRegion = English;
			hasScannedForEncodings = 0;
			knownRegions = (
				en,
			);
			mainGroup = 34118EC91AADB05000C8F226;
			productRefGroup = 34118ED31AADB05000C8F226 /* Products */;
			projectDirPath = "";
			projectRoot = "";
			targets = (
				34118ED11AADB05000C8F226 /* HomeworkBlock */,
			);
		};
/* End PBXProject section */

/* Begin PBXSourcesBuildPhase section */
		34118ECE1AADB05000C8F226 /* Sources */ = {
			isa = PBXSourcesBuildPhase;
			buildActionMask = 2147483647;
			files = (
				34118EE11AADB1EC00C8F226 /* AddressBook.m in Sources */,
				34118ED61AADB05000C8F226 /* main.m in Sources */,
				34118EDE1AADB07300C8F226 /* AddressPerson.m in Sources */,
			);
			runOnlyForDeploymentPostprocessing = 0;
		};
/* End PBXSourcesBuildPhase section */

/* Begin XCBuildConfiguration section */
		34118ED71AADB05000C8F226 /* Debug */ = {
			isa = XCBuildConfiguration;
			buildSettings = {
				ALWAYS_SEARCH_USER_PATHS = NO;
				CLANG_CXX_LANGUAGE_STANDARD = "gnu++0x";
				CLANG_CXX_LIBRARY = "libc++";
				CLANG_ENABLE_MODULES = YES;
				CLANG_ENABLE_OBJC_ARC = YES;
				CLANG_WARN_BOOL_CONVERSION = YES;
				CLANG_WARN_CONSTANT_CONVERSION = YES;
				CLANG_WARN_DIRECT_OBJC_ISA_USAGE = YES_ERROR;
				CLANG_WARN_EMPTY_BODY = YES;
				CLANG_WARN_ENUM_CONVERSION = YES;
				CLANG_WARN_INT_CONVERSION = YES;
				CLANG_WARN_OBJC_ROOT_CLASS = YES_ERROR;
				CLANG_WARN_UNREACHABLE_CODE = YES;
				CLANG_WARN__DUPLICATE_METHOD_MATCH = YES;
				COPY_PHASE_STRIP = NO;
				ENABLE_STRICT_OBJC_MSGSEND = YES;
				GCC_C_LANGUAGE_STANDARD = gnu99;
				GCC_DYNAMIC_NO_PIC = NO;
				GCC_OPTIMIZATION_LEVEL = 0;
				GCC_PREPROCESSOR_DEFINITIONS = (
					"DEBUG=1",
					"$(inherited)",
				);
				GCC_SYMBOLS_PRIVATE_EXTERN = NO;
				GCC_WARN_64_TO_32_BIT_CONVERSION = YES;
				GCC_WARN_ABOUT_RETURN_TYPE = YES_ERROR;
				GCC_WARN_UNDECLARED_SELECTOR = YES;
				GCC_WARN_UNINITIALIZED_AUTOS = YES_AGGRESSIVE;
				GCC_WARN_UNUSED_FUNCTION = YES;
				GCC_WARN_UNUSED_VARIABLE = YES;
				MACOSX_DEPLOYMENT_TARGET = 10.10;
				MTL_ENABLE_DEBUG_INFO = YES;
				ONLY_ACTIVE_ARCH = YES;
				SDKROOT = macosx;
			};
			name = Debug;
		};
		34118ED81AADB05000C8F226 /* Release */ = {
			isa = XCBuildConfiguration;
			buildSettings = {
				ALWAYS_SEARCH_USER_PATHS = NO;
				CLANG_CXX_LANGUAGE_STANDARD = "gnu++0x";
				CLANG_CXX_LIBRARY = "libc++";
				CLANG_ENABLE_MODULES = YES;
				CLANG_ENABLE_OBJC_ARC = YES;
				CLANG_WARN_BOOL_CONVERSION = YES;
				CLANG_WARN_CONSTANT_CONVERSION = YES;
				CLANG_WARN_DIRECT_OBJC_ISA_USAGE = YES_ERROR;
				CLANG_WARN_EMPTY_BODY = YES;
				CLANG_WARN_ENUM_CONVERSION = YES;
				CLANG_WARN_INT_CONVERSION = YES;
				CLANG_WARN_OBJC_ROOT_CLASS = YES_ERROR;
				CLANG_WARN_UNREACHABLE_CODE = YES;
				CLANG_WARN__DUPLICATE_METHOD_MATCH = YES;
				COPY_PHASE_STRIP = YES;
				DEBUG_INFORMATION_FORMAT = "dwarf-with-dsym";
				ENABLE_NS_ASSERTIONS = NO;
				ENABLE_STRICT_OBJC_MSGSEND = YES;
				GCC_C_LANGUAGE_STANDARD = gnu99;
				GCC_WARN_64_TO_32_BIT_CONVERSION = YES;
				GCC_WARN_ABOUT_RETURN_TYPE = YES_ERROR;
				GCC_WARN_UNDECLARED_SELECTOR = YES;
				GCC_WARN_UNINITIALIZED_AUTOS = YES_AGGRESSIVE;
				GCC_WARN_UNUSED_FUNCTION = YES;
				GCC_WARN_UNUSED_VARIABLE = YES;
				MACOSX_DEPLOYMENT_TARGET = 10.10;
				MTL_ENABLE_DEBUG_INFO = NO;
				SDKROOT = macosx;
			};
			name = Release;
		};
		34118EDA1AADB05000C8F226 /* Debug */ = {
			isa = XCBuildConfiguration;
			buildSettings = {
				PRODUCT_NAME = "$(TARGET_NAME)";
			};
			name = Debug;
		};
		34118EDB1AADB05000C8F226 /* Release */ = {
			isa = XCBuildConfiguration;
			buildSettings = {
				PRODUCT_NAME = "$(TARGET_NAME)";
			};
			name = Release;
		};
/* End XCBuildConfiguration section */

/* Begin XCConfigurationList section */
		34118ECD1AADB05000C8F226 /* Build configuration list for PBXProject "HomeworkBlock" */ = {
			isa = XCConfigurationList;
			buildConfigurations = (
				34118ED71AADB05000C8F226 /* Debug */,
				34118ED81AADB05000C8F226 /* Release */,
			);
			defaultConfigurationIsVisible = 0;
			defaultConfigurationName = Release;
		};
		34118ED91AADB05000C8F226 /* Build configuration list for PBXNativeTarget "HomeworkBlock" */ = {
			isa = XCConfigurationList;
			buildConfigurations = (
				34118EDA1AADB05000C8F226 /* Debug */,
				34118EDB1AADB05000C8F226 /* Release */,
			);
			defaultConfigurationIsVisible = 0;
		};
/* End XCConfigurationList section */
	};
	rootObject = 34118ECA1AADB05000C8F226 /* Project object */;
}
